# THIS IS AN AUTOGENERATED FILE. DO NOT EDIT THIS FILE DIRECTLY.
assets/ajax-cart.js.liquid:
  development: 2017-12-04T09:58:58-08:00   4cd91bbf23a76744e91a7c6e523515a4
assets/android-chrome-192x192.png:
  development: 2017-12-04T09:58:58-08:00   dc9e0d650c460de58a0ab8eacce2b7b0
assets/apple-touch-icon.png:
  development: 2017-12-04T09:58:58-08:00   1f57d0461b6b5553172c3e0f6be26da9
assets/browserconfig.xml:
  development: 2017-12-04T09:58:59-08:00   442e9f6c5a719398e36f3bb2f7a43b8e
assets/credible-notifications.js:
  development: 2018-01-08T10:26:51-08:00   957238d313149b9e8a8a671b3eefa54a
assets/credible.css:
  development: 2017-12-04T09:58:59-08:00   3dfd4506a8f8c056ec49a0d8c5d6dafb
assets/credible.js:
  development: 2017-12-05T07:50:29-08:00   6450513fc715857ef440ee8419a32e18
assets/fastclick.min.js:
  development: 2017-12-04T09:58:59-08:00   4c68290ccc4d503561895dff0821621f
assets/favicon-16x16.png:
  development: 2017-12-04T09:58:59-08:00   cd8f945cac2f4d006cb6b48c87cf914d
assets/favicon-32x32.png:
  development: 2017-12-04T09:59:00-08:00   474cc3bedf0f38d5e7c4895294fc645e
assets/favicon.ico:
  development: 2017-12-04T09:59:00-08:00   a882e5c12600ee995c09639b16eb0b91
assets/featured-tea.svg:
  development: 2017-12-04T09:59:00-08:00   7b5ba084ac18a4da7e1eba7ead6b1158
assets/format.css:
  development: 2017-12-04T09:59:01-08:00   70bd240e6459c365fa6824e9d5eceaae
assets/gift-card.scss.liquid:
  development: 2017-12-04T09:59:01-08:00   c4d99d6414af35760c5112b609962e87
assets/handlebars.min.js:
  development: 2017-12-04T09:59:01-08:00   b3c11508a224ee83f86e2fc6491e9751
assets/holiday-star.svg:
  development: 2017-12-04T09:59:01-08:00   4c5d787384ef188e152de56e35512439
assets/ico-select.svg.liquid:
  development: 2017-12-04T09:59:01-08:00   9c9cc5a57cc74a0a64c2f62b1370a920
assets/icon-cart.svg:
  development: 2017-12-04T09:59:01-08:00   d52008c8390bb23c1d448299f15bbed0
assets/icon-facebook.svg:
  development: 2017-12-04T09:59:02-08:00   9dbab9837ea41cc7c90364b3ca70a526
assets/icon-instagram-follow.svg:
  development: 2017-12-04T09:59:02-08:00   edc1d6e1cf3bb7b114638a85156e1305
assets/icon-instagram.svg:
  development: 2017-12-04T09:59:02-08:00   b130a7fa6927f343bb714502b0137ac5
assets/icon-search.svg:
  development: 2017-12-04T09:59:02-08:00   0599d51eb6877df9c43b953fa067b502
assets/icon-twitter.svg:
  development: 2017-12-04T09:59:02-08:00   43ca7df36f76e1faf5914f4c354dc8b4
assets/icons.eot:
  development: 2017-12-04T09:59:02-08:00   6499aa740322bffbb6e26ebadf450c4a
assets/icons.json:
  development: 2017-12-04T09:59:03-08:00   6f9018585c3e215e29cef8e390091787
assets/icons.svg:
  development: 2017-12-04T09:59:03-08:00   1f568afd815839eae6eb796a52a497a6
assets/icons.ttf:
  development: 2017-12-04T09:59:03-08:00   0678272006d7b08a523ae6973a72d181
assets/icons.woff:
  development: 2017-12-04T09:59:03-08:00   6d64bee3b4d239a6cf6af98045a95954
assets/logo.png:
  development: 2017-12-04T09:59:03-08:00   4b17a7a41f554365e2c813054f186a2e
assets/manifest.json:
  development: 2017-12-04T09:59:03-08:00   62fa3135bddd71ec2ee07e2fa3d46c5f
assets/matcha-x.png:
  development: 2017-12-04T09:59:04-08:00   20ab7093cff5574b454271713af72818
assets/matchaleaf.png:
  development: 2017-12-04T09:59:04-08:00   05e4f40bfc5c4633f9f0640e19abdc6d
assets/modernizr.min.js:
  development: 2017-12-04T09:59:04-08:00   dc21cffad945a84cbbe770d52b1a0ded
assets/mstile-150x150.png:
  development: 2017-12-04T09:59:04-08:00   b1c41a262274f0d08a5acc91d98c9abb
assets/respond-proxy.html:
  development: 2017-12-04T09:59:05-08:00   75002d74a330bff6bf069284da503b4c
assets/respond.min.js:
  development: 2017-12-04T09:59:05-08:00   a2684e9b8fa50d6d11c56a9ada068528
assets/safari-pinned-tab.svg:
  development: 2017-12-04T09:59:05-08:00   e43b28c3684660610f4b9ca82f7e994c
assets/shop.js.liquid:
  development: 2017-12-04T09:59:05-08:00   10ceaffbff1650dabc42c0d253843339
assets/style.css:
  development: 2017-12-04T09:59:06-08:00   820841cd73d75f895816d1457266f807
assets/style.scss.liquid:
  development: 2017-12-04T09:59:06-08:00   9afeae4645f03322e13429cc52a728db
assets/timber.js.liquid:
  development: 2017-12-04T09:59:06-08:00   8663e17d15e94386b5d6fb7c3e44b0bf
assets/timber.scss.liquid:
  development: 2017-12-04T09:59:06-08:00
config/settings_schema.json:
  development: 2017-12-04T11:56:23-08:00   a2db65b5404e062bdbc8eda7944cf91e
layout/theme.liquid:
  development: 2017-12-04T12:00:05-08:00   9b9a1280de1e7d55b3d6989e2498ee85
locales/de.json:
  development: 2017-12-04T09:59:06-08:00   ea97498f4c5f4a1de7f83050e2c6e6ea
locales/en.default.json:
  development: 2017-12-04T09:59:06-08:00   f6ce829553985bafd3d0b6a1060aa563
locales/es.json:
  development: 2017-12-04T09:59:06-08:00   dca4132ced0a914a42eddd1cf84ad1f7
locales/fr.json:
  development: 2017-12-04T09:59:06-08:00   22830e6b4b2c850be211a0fbb4f7d4eb
locales/pt-BR.json:
  development: 2017-12-04T09:59:06-08:00   62f4cfea1f5c734eeb72197aaccd2aae
locales/pt-PT.json:
  development: 2017-12-04T09:59:06-08:00   74ea4d56b0ad3fbc4066a152adb2f30e
snippets/addthis.liquid:
  development: 2017-12-04T09:59:06-08:00   7818e8b87e8c3d9928e464feedbac224
snippets/ajax-cart-template.liquid:
  development: 2017-12-04T09:59:06-08:00   197b53f76f5c30a6946a91afd8260158
snippets/article-content.zipifypages.liquid:
  development: 2017-12-27T11:25:33-08:00   a10f0403dcc89cd37acd886b4e7ae6a5
snippets/best-value-horizontal-view.zipifypages.liquid:
  development: 2018-01-02T02:29:39-08:00   715d881cca28bc16db94f407ee4e84ca
snippets/best-value-offer-view.zipifypages.liquid:
  development: 2018-01-02T02:29:40-08:00   e8fb3e7eb84d87fd260a7f4338e49c45
snippets/best-value-view.zipifypages.liquid:
  development: 2018-01-02T02:29:39-08:00   d014a097ba9e33b780e0cc0c010571d9
snippets/blog-content.zipifypages.liquid:
  development: 2017-12-27T11:25:33-08:00   1f4015ed60be5af9ecab417a9d5fd2fc
snippets/blog-sidebar.liquid:
  development: 2017-12-04T09:59:06-08:00   0207de7a62e746e4d84eaf0ba88576ee
snippets/breadcrumb.liquid:
  development: 2017-12-04T09:59:07-08:00   d0bdcd759ec1757f761656331b34f0d4
snippets/collection-sidebar.liquid:
  development: 2017-12-04T09:59:07-08:00   cab2eacb3418ea178f27792d5f8a2394
snippets/collection-sorting.liquid:
  development: 2017-12-04T09:59:07-08:00   d369d2d4697110800946220909e8ecf8
snippets/comment.liquid:
  development: 2017-12-04T09:59:07-08:00   c766e42be8a74e05533d0e5a0e3a9ce3
snippets/extras.liquid:
  development: 2017-12-04T09:59:07-08:00   a42344cbd0aca79ac2967fb158b2dbbc
snippets/footer.liquid:
  development: 2017-12-04T09:59:07-08:00   9e722b826b1bb805f270039aaa2ec2df
snippets/header-navigation.liquid:
  development: 2017-12-04T09:59:07-08:00   daf6981c8f422530795b74680954870b
snippets/header-scripts.zipifypages.liquid:
  development: 2018-01-10T00:43:07-08:00   de041597bfbd143adcc0fa5fa9a29f70
snippets/index.custom.zipifypages.liquid:
  development: 2017-12-27T11:25:31-08:00   c8a85a20d39a62794e11fe5a9ba7b376
snippets/index.zipifypages.liquid:
  development: 2017-12-27T11:25:30-08:00   78336f5a3cc8b992fcd14eca3cd6d52d
snippets/instagram-feed.liquid:
  development: 2017-12-04T09:59:07-08:00   75dc53590e7c0fbaaff16847a3972929
snippets/invoice.liquid:
  development: 2017-12-04T09:59:07-08:00
snippets/mobile-nav.liquid:
  development: 2017-12-04T09:59:07-08:00   24f9161a08e54ecfa89157043b94d092
snippets/offer-box-view.zipifypages.liquid:
  development: 2018-01-02T02:29:40-08:00   1ecb495b8407306468cebec5986d5c6d
snippets/oldIE-js.liquid:
  development: 2017-12-04T09:59:07-08:00   1197cc7109944206a600ed5caaef6a6f
snippets/onboarding-empty-collection.liquid:
  development: 2017-12-04T09:59:07-08:00
snippets/onboarding-featured-collections.liquid:
  development: 2017-12-04T09:59:07-08:00
snippets/onboarding-featured-products.liquid:
  development: 2017-12-04T09:59:07-08:00
snippets/order-printer:
  development: 2017-12-04T09:59:07-08:00
snippets/page-content-parser.zipifypages.liquid:
  development: 2018-01-02T02:29:41-08:00   2cf17a399489e4a0a18a41e3bd2ea114
snippets/page-content.zipifypages.liquid:
  development: 2017-12-27T11:25:29-08:00   03cd04b9c2aa6976919895c0c873ef0f
snippets/page-footer.zipifypages.liquid:
  development: 2017-12-27T11:25:29-08:00   019b1c152cef0314a1733190febe4376
snippets/product-grid-item.liquid:
  development: 2017-12-04T09:59:07-08:00   c32fbd25bd31962bff8b7255d19f3bf9
snippets/product-view.zipifypages.liquid:
  development: 2018-01-02T02:29:38-08:00   669d03c50bdae4f7a7e0e9de4da173ee
snippets/recharge-subscription-view.zipifypages.liquid:
  development: 2018-01-02T02:29:40-08:00   1142afef7d2f73d68dfe9bba9caac03f
snippets/related-blogposts.liquid:
  development: 2017-12-04T09:59:07-08:00   3339d7212342fddc30a4452f972e32ea
snippets/related-products.liquid:
  development: 2017-12-04T09:59:07-08:00   f5f9f2458927c63ae24d82e1645a5cbc
snippets/respond.liquid:
  development: 2017-12-04T09:59:07-08:00   ca6abf0635dc2ad8c6bd377f83c79f6b
snippets/search-bar.liquid:
  development: 2017-12-04T09:59:07-08:00   733af687725a8174f1348c58f0d5a3e4
snippets/shipping-schema.liquid:
  development: 2017-12-04T09:59:07-08:00   d07a6fb26182feb98cab93551ef9f124
snippets/social-meta-tags.liquid:
  development: 2017-12-04T09:59:07-08:00   e7c97d7cb76c7925dd144dfb7b188cac
snippets/tags-article.liquid:
  development: 2017-12-04T09:59:07-08:00   52bc59a44a51be2f1745559c2ba514a2
snippets/three-products-view.zipifypages.liquid:
  development: 2018-01-02T02:29:39-08:00   e23547d51670e574f09f41398f1c7001
snippets/un-active-show-frontpage-collection-loop.liquid:
  development: 2017-12-04T09:59:08-08:00
snippets/unactive-home-show-collections.liquid:
  development: 2017-12-04T09:59:08-08:00
snippets/zopim copy.liquid:
  development: 2017-12-04T09:59:08-08:00
snippets/zopim.liquid:
  development: 2017-12-04T09:59:08-08:00   c033f8dc400f79263a8de05c87ff0251
templates/404.liquid:
  development: 2017-12-04T09:59:08-08:00   6463bb64aa1e441567f3803ecef4ba71
templates/article.custom.zipifypages.liquid:
  development: 2017-12-27T11:25:32-08:00   2e8b83dc51b70abd254b9cdca0d882c8
templates/article.liquid:
  development: 2017-12-04T09:59:08-08:00   e10f9f716218c02af28b46740ba13c9d
templates/article.zipifypages.liquid:
  development: 2017-12-27T11:25:32-08:00   1c2076e915e18b9b5373322a5946a328
templates/blog.custom.zipifypages.liquid:
  development: 2017-12-27T11:25:32-08:00   860d8f2dd84d81a39641d396c8c08e90
templates/blog.liquid:
  development: 2017-12-04T09:59:08-08:00   7eb6267187fbf631885da471721183ef
templates/blog.press.liquid:
  development: 2017-12-04T09:59:08-08:00   8e2c10b99fa157b8b10362aeee8afe97
templates/blog.zipifypages.liquid:
  development: 2017-12-27T11:25:31-08:00   e60e539dd7cc88634f5917dd975cbcaa
templates/cart.liquid:
  development: 2017-12-04T09:59:08-08:00   74391ea46238fc9ee2f1e3ededec5193
templates/collection.liquid:
  development: 2017-12-04T09:59:08-08:00   2353b80509a15b29395f198ab51eabeb
templates/collection.list.liquid:
  development: 2017-12-04T09:59:08-08:00   f8f8f7fa84bd011a410d21871b1e22e2
templates/customers/account.liquid:
  development: 2017-12-04T09:59:08-08:00   5a50322ca328fa80bb47dac7d0fc76c8
templates/customers/activate_account.liquid:
  development: 2017-12-04T09:59:08-08:00   d92bfce42f05a75de2f61cb6ba433e69
templates/customers/addresses.liquid:
  development: 2017-12-04T09:59:08-08:00   b1085f6e966a495d8a600371b1deb931
templates/customers/login.liquid:
  development: 2017-12-04T09:59:08-08:00   72566997f5d986cc2b1c9131550561f6
templates/customers/order.liquid:
  development: 2017-12-04T09:59:08-08:00   f3e47108394f9ce30887e5b6cfe9f5e2
templates/customers/register.liquid:
  development: 2017-12-04T09:59:08-08:00   b64b86ab69ef04653ca6662217dbde75
templates/customers/reset_password.liquid:
  development: 2017-12-04T09:59:08-08:00   66ba7b680ca26b2eba0f162d4122d94c
templates/gift_card.liquid:
  development: 2017-12-04T09:59:08-08:00   c1ae0f8232e003fac57213d1353e513c
templates/index.liquid:
  development: 2017-12-04T13:13:39-08:00   68e1dc7cbcbdf7f9c9b63fa2cd0705b8
templates/list-collections.liquid:
  development: 2017-12-04T09:59:08-08:00   67bdbb12cdc0ff16abd06cfb76451ab5
templates/page.contact.liquid:
  development: 2017-12-04T09:59:08-08:00   18acd10e49a474958bfb9b52dcf62787
templates/page.custom.zipifypages.liquid:
  development: 2017-12-27T11:25:30-08:00   ff5e694b0b782ade2e655439b5d20d31
templates/page.learn.liquid:
  development: 2017-12-04T09:59:08-08:00   6a0291c09adcea19f2dfa35c6edae9ce
templates/page.liquid:
  development: 2017-12-04T09:59:08-08:00   f160c8472962c1cec1490fc8e1c06793
templates/page.story.liquid:
  development: 2017-12-04T09:59:08-08:00   aa974622e425e413a44b7ad9b4043df1
templates/page.zipifypages.liquid:
  development: 2017-12-27T11:25:30-08:00   7708ff0404997a38de9cc783fed51011
templates/product.liquid:
  development: 2017-12-04T09:59:09-08:00   170e504a7de7874e9315d469c639664d
templates/product.small-description.liquid:
  development: 2017-12-04T09:59:09-08:00   5de2d78bc8723c2b194717f2b6d978ec
templates/search.liquid:
  development: 2017-12-04T09:59:09-08:00   a66b304a4c9275a42487336f2a0ec81e
